
Microsoft Visual Studio Solution File, Format Version 12.00
# Visual Studio 15
Project("{FAE04EC0-301F-11D3-BF4B-00C04F79EFBC}") = "Assembly-CSharp", "Assembly-CSharp.csproj", "{900B02E0-7D17-B5F3-CCE0-6478E676B6C0}"
EndProject
Project("{FAE04EC0-301F-11D3-BF4B-00C04F79EFBC}") = "Assembly-CSharp-firstpass", "Assembly-CSharp-firstpass.csproj", "{882B435B-4284-EC51-8674-3D5682F76E8B}"
EndProject
Project("{FAE04EC0-301F-11D3-BF4B-00C04F79EFBC}") = "Assembly-CSharp-Editor-firstpass", "Assembly-CSharp-Editor-firstpass.csproj", "{228EB2B3-D8D4-AAF5-CFEE-221DBB5D880D}"
EndProject
Project("{FAE04EC0-301F-11D3-BF4B-00C04F79EFBC}") = "Assembly-CSharp-Editor", "Assembly-CSharp-Editor.csproj", "{83C03BCD-49BC-81D2-9B6A-0CACAA08ADF9}"
EndProject
Global
	GlobalSection(SolutionConfigurationPlatforms) = preSolution
		Debug|Any CPU = Debug|Any CPU
		Release|Any CPU = Release|Any CPU
	EndGlobalSection
	GlobalSection(ProjectConfigurationPlatforms) = postSolution
		{900B02E0-7D17-B5F3-CCE0-6478E676B6C0}.Debug|Any CPU.ActiveCfg = Debug|Any CPU
		{900B02E0-7D17-B5F3-CCE0-6478E676B6C0}.Debug|Any CPU.Build.0 = Debug|Any CPU
		{900B02E0-7D17-B5F3-CCE0-6478E676B6C0}.Release|Any CPU.ActiveCfg = Release|Any CPU
		{900B02E0-7D17-B5F3-CCE0-6478E676B6C0}.Release|Any CPU.Build.0 = Release|Any CPU
		{882B435B-4284-EC51-8674-3D5682F76E8B}.Debug|Any CPU.ActiveCfg = Debug|Any CPU
		{882B435B-4284-EC51-8674-3D5682F76E8B}.Debug|Any CPU.Build.0 = Debug|Any CPU
		{882B435B-4284-EC51-8674-3D5682F76E8B}.Release|Any CPU.ActiveCfg = Release|Any CPU
		{882B435B-4284-EC51-8674-3D5682F76E8B}.Release|Any CPU.Build.0 = Release|Any CPU
		{228EB2B3-D8D4-AAF5-CFEE-221DBB5D880D}.Debug|Any CPU.ActiveCfg = Debug|Any CPU
		{228EB2B3-D8D4-AAF5-CFEE-221DBB5D880D}.Debug|Any CPU.Build.0 = Debug|Any CPU
		{228EB2B3-D8D4-AAF5-CFEE-221DBB5D880D}.Release|Any CPU.ActiveCfg = Release|Any CPU
		{228EB2B3-D8D4-AAF5-CFEE-221DBB5D880D}.Release|Any CPU.Build.0 = Release|Any CPU
		{83C03BCD-49BC-81D2-9B6A-0CACAA08ADF9}.Debug|Any CPU.ActiveCfg = Debug|Any CPU
		{83C03BCD-49BC-81D2-9B6A-0CACAA08ADF9}.Debug|Any CPU.Build.0 = Debug|Any CPU
		{83C03BCD-49BC-81D2-9B6A-0CACAA08ADF9}.Release|Any CPU.ActiveCfg = Release|Any CPU
		{83C03BCD-49BC-81D2-9B6A-0CACAA08ADF9}.Release|Any CPU.Build.0 = Release|Any CPU
	EndGlobalSection
	GlobalSection(SolutionProperties) = preSolution
		HideSolutionNode = FALSE
	EndGlobalSection
EndGlobal
